
Microsoft Visual Studio Solution File, Format Version 12.00
# Visual Studio Version 17
VisualStudioVersion = 17.11.35312.102
MinimumVisualStudioVersion = 10.0.40219.1
Project("{FAE04EC0-301F-11D3-BF4B-00C04F79EFBC}") = "ribizli", "ribizli\ribizli.csproj", "{FC6362FB-4958-4F93-A58E-40660088696A}"
EndProject
Global
	GlobalSection(SolutionConfigurationPlatforms) = preSolution
		Debug|Any CPU = Debug|Any CPU
		Release|Any CPU = Release|Any CPU
	EndGlobalSection
	GlobalSection(ProjectConfigurationPlatforms) = postSolution
		{FC6362FB-4958-4F93-A58E-40660088696A}.Debug|Any CPU.ActiveCfg = Debug|Any CPU
		{FC6362FB-4958-4F93-A58E-40660088696A}.Debug|Any CPU.Build.0 = Debug|Any CPU
		{FC6362FB-4958-4F93-A58E-40660088696A}.Release|Any CPU.ActiveCfg = Release|Any CPU
		{FC6362FB-4958-4F93-A58E-40660088696A}.Release|Any CPU.Build.0 = Release|Any CPU
	EndGlobalSection
	GlobalSection(SolutionProperties) = preSolution
		HideSolutionNode = FALSE
	EndGlobalSection
	GlobalSection(ExtensibilityGlobals) = postSolution
		SolutionGuid = {D6E097AC-3701-4E43-B7B3-640A628E52FD}
	EndGlobalSection
EndGlobal
